
Microsoft Visual Studio Solution File, Format Version 12.00
# Visual Studio Version 17
VisualStudioVersion = 17.13.35919.96
MinimumVisualStudioVersion = 10.0.40219.1
Project("{2150E333-8FDC-42A3-9474-1A3956D46DE8}") = "EShop", "EShop", "{02EA681E-C7D8-13C7-8484-4AC65E1B71E8}"
EndProject
Project("{FAE04EC0-301F-11D3-BF4B-00C04F79EFBC}") = "EShop.Web", "EShop.Web\EShop.Web.csproj", "{C1B1D095-D64E-43F1-8487-567B79A09FC0}"
EndProject
Project("{FAE04EC0-301F-11D3-BF4B-00C04F79EFBC}") = "EShop.Domain", "EShop.Domain\EShop.Domain.csproj", "{DA6ABC3E-F30F-4C1D-A747-2CFB54164C6A}"
EndProject
Project("{FAE04EC0-301F-11D3-BF4B-00C04F79EFBC}") = "EShop.Repository", "EShop.Repository\EShop.Repository.csproj", "{2B89B9ED-6DEA-4B52-9FE5-56E095CFE04F}"
EndProject
Project("{FAE04EC0-301F-11D3-BF4B-00C04F79EFBC}") = "EShop.Service", "EShop.Service\EShop.Service.csproj", "{19B0F77F-A874-4590-A8DB-E52A905A6444}"
EndProject
Global
	GlobalSection(SolutionConfigurationPlatforms) = preSolution
		Debug|Any CPU = Debug|Any CPU
		Release|Any CPU = Release|Any CPU
	EndGlobalSection
	GlobalSection(ProjectConfigurationPlatforms) = postSolution
		{C1B1D095-D64E-43F1-8487-567B79A09FC0}.Debug|Any CPU.ActiveCfg = Debug|Any CPU
		{C1B1D095-D64E-43F1-8487-567B79A09FC0}.Debug|Any CPU.Build.0 = Debug|Any CPU
		{C1B1D095-D64E-43F1-8487-567B79A09FC0}.Release|Any CPU.ActiveCfg = Release|Any CPU
		{C1B1D095-D64E-43F1-8487-567B79A09FC0}.Release|Any CPU.Build.0 = Release|Any CPU
		{DA6ABC3E-F30F-4C1D-A747-2CFB54164C6A}.Debug|Any CPU.ActiveCfg = Debug|Any CPU
		{DA6ABC3E-F30F-4C1D-A747-2CFB54164C6A}.Debug|Any CPU.Build.0 = Debug|Any CPU
		{DA6ABC3E-F30F-4C1D-A747-2CFB54164C6A}.Release|Any CPU.ActiveCfg = Release|Any CPU
		{DA6ABC3E-F30F-4C1D-A747-2CFB54164C6A}.Release|Any CPU.Build.0 = Release|Any CPU
		{2B89B9ED-6DEA-4B52-9FE5-56E095CFE04F}.Debug|Any CPU.ActiveCfg = Debug|Any CPU
		{2B89B9ED-6DEA-4B52-9FE5-56E095CFE04F}.Debug|Any CPU.Build.0 = Debug|Any CPU
		{2B89B9ED-6DEA-4B52-9FE5-56E095CFE04F}.Release|Any CPU.ActiveCfg = Release|Any CPU
		{2B89B9ED-6DEA-4B52-9FE5-56E095CFE04F}.Release|Any CPU.Build.0 = Release|Any CPU
		{19B0F77F-A874-4590-A8DB-E52A905A6444}.Debug|Any CPU.ActiveCfg = Debug|Any CPU
		{19B0F77F-A874-4590-A8DB-E52A905A6444}.Debug|Any CPU.Build.0 = Debug|Any CPU
		{19B0F77F-A874-4590-A8DB-E52A905A6444}.Release|Any CPU.ActiveCfg = Release|Any CPU
		{19B0F77F-A874-4590-A8DB-E52A905A6444}.Release|Any CPU.Build.0 = Release|Any CPU
	EndGlobalSection
	GlobalSection(SolutionProperties) = preSolution
		HideSolutionNode = FALSE
	EndGlobalSection
	GlobalSection(NestedProjects) = preSolution
		{C1B1D095-D64E-43F1-8487-567B79A09FC0} = {02EA681E-C7D8-13C7-8484-4AC65E1B71E8}
		{DA6ABC3E-F30F-4C1D-A747-2CFB54164C6A} = {02EA681E-C7D8-13C7-8484-4AC65E1B71E8}
		{2B89B9ED-6DEA-4B52-9FE5-56E095CFE04F} = {02EA681E-C7D8-13C7-8484-4AC65E1B71E8}
		{19B0F77F-A874-4590-A8DB-E52A905A6444} = {02EA681E-C7D8-13C7-8484-4AC65E1B71E8}
	EndGlobalSection
	GlobalSection(ExtensibilityGlobals) = postSolution
		SolutionGuid = {740109CC-681D-4F36-B77E-AC47C5E1A857}
	EndGlobalSection
EndGlobal
